
Microsoft Visual Studio Solution File, Format Version 12.00
# Visual Studio Version 17
VisualStudioVersion = 17.7.34031.279
MinimumVisualStudioVersion = 10.0.40219.1
Project("{FAE04EC0-301F-11D3-BF4B-00C04F79EFBC}") = "n01582292TestApp", "n01582292TestApp\n01582292TestApp.csproj", "{1856EE8E-4014-468F-A97C-344704F84C26}"
EndProject
Global
	GlobalSection(SolutionConfigurationPlatforms) = preSolution
		Debug|Any CPU = Debug|Any CPU
		Release|Any CPU = Release|Any CPU
	EndGlobalSection
	GlobalSection(ProjectConfigurationPlatforms) = postSolution
		{1856EE8E-4014-468F-A97C-344704F84C26}.Debug|Any CPU.ActiveCfg = Debug|Any CPU
		{1856EE8E-4014-468F-A97C-344704F84C26}.Debug|Any CPU.Build.0 = Debug|Any CPU
		{1856EE8E-4014-468F-A97C-344704F84C26}.Release|Any CPU.ActiveCfg = Release|Any CPU
		{1856EE8E-4014-468F-A97C-344704F84C26}.Release|Any CPU.Build.0 = Release|Any CPU
	EndGlobalSection
	GlobalSection(SolutionProperties) = preSolution
		HideSolutionNode = FALSE
	EndGlobalSection
	GlobalSection(ExtensibilityGlobals) = postSolution
		SolutionGuid = {2CDB26D3-861E-4411-9554-C9CD561E9E93}
	EndGlobalSection
EndGlobal
